// !$*UTF8*$!
{
	archiveVersion = 1;
	classes = {
	};
	objectVersion = 56;
	objects = {

/* Begin PBXBuildFile section */
		9609D7F02BD55FA200A7589F /* TabbarViewModel.swift in Sources */ = {isa = PBXBuildFile; fileRef = 9609D7EF2BD55FA200A7589F /* TabbarViewModel.swift */; };
		9609D7F22BD5606F00A7589F /* TabbarNavigator.swift in Sources */ = {isa = PBXBuildFile; fileRef = 9609D7F12BD5606F00A7589F /* TabbarNavigator.swift */; };
		962C13FD2BE28CFF00BB659E /* GeocoderManager.swift in Sources */ = {isa = PBXBuildFile; fileRef = 962C13FC2BE28CFF00BB659E /* GeocoderManager.swift */; };
		962CBD8F2BD9472000FFC362 /* AddLocationView.swift in Sources */ = {isa = PBXBuildFile; fileRef = 962CBD8E2BD9472000FFC362 /* AddLocationView.swift */; };
		9649EDBC2BD7F7990019B741 /* UserInfoResponse.swift in Sources */ = {isa = PBXBuildFile; fileRef = 9649EDBB2BD7F7990019B741 /* UserInfoResponse.swift */; };
		9652CDD32BAC850200D49652 /* EmailTextField.swift in Sources */ = {isa = PBXBuildFile; fileRef = 9652CDD22BAC850200D49652 /* EmailTextField.swift */; };
		9652CDD52BAC851F00D49652 /* PasswordTextField.swift in Sources */ = {isa = PBXBuildFile; fileRef = 9652CDD42BAC851F00D49652 /* PasswordTextField.swift */; };
		9658513D2BCEA928005447EF /* TabbarView.swift in Sources */ = {isa = PBXBuildFile; fileRef = 9658513C2BCEA928005447EF /* TabbarView.swift */; };
		966100372BB8645C00E1FA53 /* MapViewRepresent.swift in Sources */ = {isa = PBXBuildFile; fileRef = 966100362BB8645C00E1FA53 /* MapViewRepresent.swift */; };
		966100392BB86B9200E1FA53 /* MapViewModel.swift in Sources */ = {isa = PBXBuildFile; fileRef = 966100382BB86B9200E1FA53 /* MapViewModel.swift */; };
		9661003B2BB8719C00E1FA53 /* LocationViewItem.swift in Sources */ = {isa = PBXBuildFile; fileRef = 9661003A2BB8719C00E1FA53 /* LocationViewItem.swift */; };
		9661003D2BB872B400E1FA53 /* MapTranslator.swift in Sources */ = {isa = PBXBuildFile; fileRef = 9661003C2BB872B400E1FA53 /* MapTranslator.swift */; };
		966CBEF72BB12B5900D6112F /* AccountEntity.swift in Sources */ = {isa = PBXBuildFile; fileRef = 966CBEF62BB12B5900D6112F /* AccountEntity.swift */; };
		966CBEF92BB12B7200D6112F /* SessionEntity.swift in Sources */ = {isa = PBXBuildFile; fileRef = 966CBEF82BB12B7200D6112F /* SessionEntity.swift */; };
		966CBEFC2BB15BF300D6112F /* StudentLocation.swift in Sources */ = {isa = PBXBuildFile; fileRef = 966CBEFB2BB15BF300D6112F /* StudentLocation.swift */; };
		968A75E42BDA9FF700DD4AF9 /* AddLocationViewModel.swift in Sources */ = {isa = PBXBuildFile; fileRef = 968A75E32BDA9FF700DD4AF9 /* AddLocationViewModel.swift */; };
		968A75E62BDAA03F00DD4AF9 /* AddLocationNavigator.swift in Sources */ = {isa = PBXBuildFile; fileRef = 968A75E52BDAA03F00DD4AF9 /* AddLocationNavigator.swift */; };
		968A75E82BDAA04E00DD4AF9 /* AddLocationUseCase.swift in Sources */ = {isa = PBXBuildFile; fileRef = 968A75E72BDAA04E00DD4AF9 /* AddLocationUseCase.swift */; };
		96901D2F2BAD23EC0094CF2D /* MemeTextField.swift in Sources */ = {isa = PBXBuildFile; fileRef = 96901D2E2BAD23EC0094CF2D /* MemeTextField.swift */; };
		96901D312BAD305F0094CF2D /* LoginNavigator.swift in Sources */ = {isa = PBXBuildFile; fileRef = 96901D302BAD305F0094CF2D /* LoginNavigator.swift */; };
		96901D332BAD306C0094CF2D /* UserUseCase.swift in Sources */ = {isa = PBXBuildFile; fileRef = 96901D322BAD306C0094CF2D /* UserUseCase.swift */; };
		96901D352BAD30AB0094CF2D /* LoginRequest.swift in Sources */ = {isa = PBXBuildFile; fileRef = 96901D342BAD30AB0094CF2D /* LoginRequest.swift */; };
		96901D372BAD320E0094CF2D /* UserRepository.swift in Sources */ = {isa = PBXBuildFile; fileRef = 96901D362BAD320E0094CF2D /* UserRepository.swift */; };
		96901D392BAD32E30094CF2D /* LoginResponse.swift in Sources */ = {isa = PBXBuildFile; fileRef = 96901D382BAD32E30094CF2D /* LoginResponse.swift */; };
		96C0E6612BCAD05300B9D175 /* MapCoordinator.swift in Sources */ = {isa = PBXBuildFile; fileRef = 96C0E6602BCAD05300B9D175 /* MapCoordinator.swift */; };
		96C0E6632BCAD20C00B9D175 /* MapView.swift in Sources */ = {isa = PBXBuildFile; fileRef = 96C0E6622BCAD20C00B9D175 /* MapView.swift */; };
		96CD0D902BB309AE00FC1D3C /* LocationListView.swift in Sources */ = {isa = PBXBuildFile; fileRef = 96CD0D8F2BB309AE00FC1D3C /* LocationListView.swift */; };
		96CD0D922BB3103A00FC1D3C /* LocationRequest.swift in Sources */ = {isa = PBXBuildFile; fileRef = 96CD0D912BB3103A00FC1D3C /* LocationRequest.swift */; };
		96CD0D942BB310B400FC1D3C /* LocationResponse.swift in Sources */ = {isa = PBXBuildFile; fileRef = 96CD0D932BB310B400FC1D3C /* LocationResponse.swift */; };
		96CD0D962BB3115400FC1D3C /* LocationRepository.swift in Sources */ = {isa = PBXBuildFile; fileRef = 96CD0D952BB3115400FC1D3C /* LocationRepository.swift */; };
		96CD0D982BB311FD00FC1D3C /* LocationListViewModel.swift in Sources */ = {isa = PBXBuildFile; fileRef = 96CD0D972BB311FD00FC1D3C /* LocationListViewModel.swift */; };
		96CD0D9A2BB3125E00FC1D3C /* LocationUseCase.swift in Sources */ = {isa = PBXBuildFile; fileRef = 96CD0D992BB3125E00FC1D3C /* LocationUseCase.swift */; };
		96D46B5C2BC59B5E0084CC08 /* AlertMessage.swift in Sources */ = {isa = PBXBuildFile; fileRef = 96D46B5B2BC59B5E0084CC08 /* AlertMessage.swift */; };
		96D7856A2BAC1D790037248C /* LoginView.swift in Sources */ = {isa = PBXBuildFile; fileRef = 96D785692BAC1D790037248C /* LoginView.swift */; };
		96D7856C2BAC1D7C0037248C /* Assets.xcassets in Resources */ = {isa = PBXBuildFile; fileRef = 96D7856B2BAC1D7C0037248C /* Assets.xcassets */; };
		96D7856F2BAC1D7C0037248C /* Preview Assets.xcassets in Resources */ = {isa = PBXBuildFile; fileRef = 96D7856E2BAC1D7C0037248C /* Preview Assets.xcassets */; };
		96D785782BAC21B80037248C /* AppDelegate.swift in Sources */ = {isa = PBXBuildFile; fileRef = 96D785772BAC21B80037248C /* AppDelegate.swift */; };
		96D7857A2BAC21CA0037248C /* AppNavigator.swift in Sources */ = {isa = PBXBuildFile; fileRef = 96D785792BAC21CA0037248C /* AppNavigator.swift */; };
		96D7857C2BAC21F40037248C /* AppViewModel.swift in Sources */ = {isa = PBXBuildFile; fileRef = 96D7857B2BAC21F40037248C /* AppViewModel.swift */; };
		96D7857F2BAC23200037248C /* LoginViewModel.swift in Sources */ = {isa = PBXBuildFile; fileRef = 96D7857E2BAC23200037248C /* LoginViewModel.swift */; };
		96D7859A2BAC29660037248C /* HTTPMethod.swift in Sources */ = {isa = PBXBuildFile; fileRef = 96D785822BAC29660037248C /* HTTPMethod.swift */; };
		96D7859B2BAC29660037248C /* ServiceBaseRepository.swift in Sources */ = {isa = PBXBuildFile; fileRef = 96D785832BAC29660037248C /* ServiceBaseRepository.swift */; };
		96D7859D2BAC29660037248C /* ServiceBaseRequest.swift in Sources */ = {isa = PBXBuildFile; fileRef = 96D785852BAC29660037248C /* ServiceBaseRequest.swift */; };
		96D7859E2BAC29660037248C /* HTTPStatusCode.swift in Sources */ = {isa = PBXBuildFile; fileRef = 96D785862BAC29660037248C /* HTTPStatusCode.swift */; };
		96D7859F2BAC29660037248C /* URLs.swift in Sources */ = {isa = PBXBuildFile; fileRef = 96D785872BAC29660037248C /* URLs.swift */; };
		96D785A62BAC29660037248C /* APIService.swift in Sources */ = {isa = PBXBuildFile; fileRef = 96D785912BAC29660037248C /* APIService.swift */; };
		96D785AB2BAC29660037248C /* DecodingError.swift in Sources */ = {isa = PBXBuildFile; fileRef = 96D785982BAC29660037248C /* DecodingError.swift */; };
		96D785AC2BAC29660037248C /* BaseError.swift in Sources */ = {isa = PBXBuildFile; fileRef = 96D785992BAC29660037248C /* BaseError.swift */; };
		96D785B42BAC29F60037248C /* CancelBag.swift in Sources */ = {isa = PBXBuildFile; fileRef = 96D785AE2BAC29F60037248C /* CancelBag.swift */; };
		96D785B52BAC29F60037248C /* ErrorTracker.swift in Sources */ = {isa = PBXBuildFile; fileRef = 96D785AF2BAC29F60037248C /* ErrorTracker.swift */; };
		96D785B62BAC29F60037248C /* ViewModel.swift in Sources */ = {isa = PBXBuildFile; fileRef = 96D785B02BAC29F60037248C /* ViewModel.swift */; };
		96D785B72BAC29F60037248C /* Driver.swift in Sources */ = {isa = PBXBuildFile; fileRef = 96D785B12BAC29F60037248C /* Driver.swift */; };
		96D785B82BAC29F60037248C /* ActivityTracker.swift in Sources */ = {isa = PBXBuildFile; fileRef = 96D785B22BAC29F60037248C /* ActivityTracker.swift */; };
		96D785B92BAC29F60037248C /* Observable.swift in Sources */ = {isa = PBXBuildFile; fileRef = 96D785B32BAC29F60037248C /* Observable.swift */; };
		96D785BE2BAC2A1E0037248C /* Screen.swift in Sources */ = {isa = PBXBuildFile; fileRef = 96D785BB2BAC2A1E0037248C /* Screen.swift */; };
		96D785C02BAC2A1E0037248C /* DictionaryPrinter.swift in Sources */ = {isa = PBXBuildFile; fileRef = 96D785BD2BAC2A1E0037248C /* DictionaryPrinter.swift */; };
		96F2722B2BB1C3E800865316 /* LogoutRequest.swift in Sources */ = {isa = PBXBuildFile; fileRef = 96F2722A2BB1C3E800865316 /* LogoutRequest.swift */; };
		96F2722D2BB1C40E00865316 /* LogoutResponse.swift in Sources */ = {isa = PBXBuildFile; fileRef = 96F2722C2BB1C40E00865316 /* LogoutResponse.swift */; };
		96F825A12BD01063001F2459 /* UdacityNavigationHeaderView.swift in Sources */ = {isa = PBXBuildFile; fileRef = 96F8259E2BD01063001F2459 /* UdacityNavigationHeaderView.swift */; };
		96F825A22BD01063001F2459 /* UdacityNavigationView.swift in Sources */ = {isa = PBXBuildFile; fileRef = 96F8259F2BD01063001F2459 /* UdacityNavigationView.swift */; };
		96FFC29B2BD6A93900464D2E /* StudentInfo.swift in Sources */ = {isa = PBXBuildFile; fileRef = 96FFC29A2BD6A93900464D2E /* StudentInfo.swift */; };
		96FFC29D2BD6ACB100464D2E /* UserInfoRequest.swift in Sources */ = {isa = PBXBuildFile; fileRef = 96FFC29C2BD6ACB100464D2E /* UserInfoRequest.swift */; };
/* End PBXBuildFile section */

/* Begin PBXFileReference section */
		9609D7EF2BD55FA200A7589F /* TabbarViewModel.swift */ = {isa = PBXFileReference; lastKnownFileType = sourcecode.swift; path = TabbarViewModel.swift; sourceTree = "<group>"; };
		9609D7F12BD5606F00A7589F /* TabbarNavigator.swift */ = {isa = PBXFileReference; lastKnownFileType = sourcecode.swift; path = TabbarNavigator.swift; sourceTree = "<group>"; };
		962C13FC2BE28CFF00BB659E /* GeocoderManager.swift */ = {isa = PBXFileReference; lastKnownFileType = sourcecode.swift; path = GeocoderManager.swift; sourceTree = "<group>"; };
		962CBD8E2BD9472000FFC362 /* AddLocationView.swift */ = {isa = PBXFileReference; lastKnownFileType = sourcecode.swift; path = AddLocationView.swift; sourceTree = "<group>"; };
		9649EDBB2BD7F7990019B741 /* UserInfoResponse.swift */ = {isa = PBXFileReference; lastKnownFileType = sourcecode.swift; path = UserInfoResponse.swift; sourceTree = "<group>"; };
		9652CDD22BAC850200D49652 /* EmailTextField.swift */ = {isa = PBXFileReference; lastKnownFileType = sourcecode.swift; path = EmailTextField.swift; sourceTree = "<group>"; };
		9652CDD42BAC851F00D49652 /* PasswordTextField.swift */ = {isa = PBXFileReference; lastKnownFileType = sourcecode.swift; path = PasswordTextField.swift; sourceTree = "<group>"; };
		9658513C2BCEA928005447EF /* TabbarView.swift */ = {isa = PBXFileReference; lastKnownFileType = sourcecode.swift; path = TabbarView.swift; sourceTree = "<group>"; };
		966100362BB8645C00E1FA53 /* MapViewRepresent.swift */ = {isa = PBXFileReference; lastKnownFileType = sourcecode.swift; path = MapViewRepresent.swift; sourceTree = "<group>"; };
		966100382BB86B9200E1FA53 /* MapViewModel.swift */ = {isa = PBXFileReference; lastKnownFileType = sourcecode.swift; path = MapViewModel.swift; sourceTree = "<group>"; };
		9661003A2BB8719C00E1FA53 /* LocationViewItem.swift */ = {isa = PBXFileReference; lastKnownFileType = sourcecode.swift; path = LocationViewItem.swift; sourceTree = "<group>"; };
		9661003C2BB872B400E1FA53 /* MapTranslator.swift */ = {isa = PBXFileReference; lastKnownFileType = sourcecode.swift; path = MapTranslator.swift; sourceTree = "<group>"; };
		966CBEF62BB12B5900D6112F /* AccountEntity.swift */ = {isa = PBXFileReference; lastKnownFileType = sourcecode.swift; name = AccountEntity.swift; path = Udacity_OnTheMap/Application/CustomView/AccountEntity.swift; sourceTree = SOURCE_ROOT; };
		966CBEF82BB12B7200D6112F /* SessionEntity.swift */ = {isa = PBXFileReference; lastKnownFileType = sourcecode.swift; name = SessionEntity.swift; path = Udacity_OnTheMap/Application/CustomView/SessionEntity.swift; sourceTree = SOURCE_ROOT; };
		966CBEFB2BB15BF300D6112F /* StudentLocation.swift */ = {isa = PBXFileReference; lastKnownFileType = sourcecode.swift; path = StudentLocation.swift; sourceTree = "<group>"; };
		968A75E32BDA9FF700DD4AF9 /* AddLocationViewModel.swift */ = {isa = PBXFileReference; lastKnownFileType = sourcecode.swift; path = AddLocationViewModel.swift; sourceTree = "<group>"; };
		968A75E52BDAA03F00DD4AF9 /* AddLocationNavigator.swift */ = {isa = PBXFileReference; lastKnownFileType = sourcecode.swift; path = AddLocationNavigator.swift; sourceTree = "<group>"; };
		968A75E72BDAA04E00DD4AF9 /* AddLocationUseCase.swift */ = {isa = PBXFileReference; lastKnownFileType = sourcecode.swift; path = AddLocationUseCase.swift; sourceTree = "<group>"; };
		96901D2E2BAD23EC0094CF2D /* MemeTextField.swift */ = {isa = PBXFileReference; lastKnownFileType = sourcecode.swift; path = MemeTextField.swift; sourceTree = "<group>"; };
		96901D302BAD305F0094CF2D /* LoginNavigator.swift */ = {isa = PBXFileReference; lastKnownFileType = sourcecode.swift; path = LoginNavigator.swift; sourceTree = "<group>"; };
		96901D322BAD306C0094CF2D /* UserUseCase.swift */ = {isa = PBXFileReference; lastKnownFileType = sourcecode.swift; path = UserUseCase.swift; sourceTree = "<group>"; };
		96901D342BAD30AB0094CF2D /* LoginRequest.swift */ = {isa = PBXFileReference; lastKnownFileType = sourcecode.swift; path = LoginRequest.swift; sourceTree = "<group>"; };
		96901D362BAD320E0094CF2D /* UserRepository.swift */ = {isa = PBXFileReference; lastKnownFileType = sourcecode.swift; path = UserRepository.swift; sourceTree = "<group>"; };
		96901D382BAD32E30094CF2D /* LoginResponse.swift */ = {isa = PBXFileReference; lastKnownFileType = sourcecode.swift; path = LoginResponse.swift; sourceTree = "<group>"; };
		96C0E6602BCAD05300B9D175 /* MapCoordinator.swift */ = {isa = PBXFileReference; lastKnownFileType = sourcecode.swift; path = MapCoordinator.swift; sourceTree = "<group>"; };
		96C0E6622BCAD20C00B9D175 /* MapView.swift */ = {isa = PBXFileReference; lastKnownFileType = sourcecode.swift; path = MapView.swift; sourceTree = "<group>"; };
		96CD0D8F2BB309AE00FC1D3C /* LocationListView.swift */ = {isa = PBXFileReference; fileEncoding = 4; lastKnownFileType = sourcecode.swift; path = LocationListView.swift; sourceTree = "<group>"; };
		96CD0D912BB3103A00FC1D3C /* LocationRequest.swift */ = {isa = PBXFileReference; lastKnownFileType = sourcecode.swift; path = LocationRequest.swift; sourceTree = "<group>"; };
		96CD0D932BB310B400FC1D3C /* LocationResponse.swift */ = {isa = PBXFileReference; lastKnownFileType = sourcecode.swift; path = LocationResponse.swift; sourceTree = "<group>"; };
		96CD0D952BB3115400FC1D3C /* LocationRepository.swift */ = {isa = PBXFileReference; lastKnownFileType = sourcecode.swift; path = LocationRepository.swift; sourceTree = "<group>"; };
		96CD0D972BB311FD00FC1D3C /* LocationListViewModel.swift */ = {isa = PBXFileReference; lastKnownFileType = sourcecode.swift; path = LocationListViewModel.swift; sourceTree = "<group>"; };
		96CD0D992BB3125E00FC1D3C /* LocationUseCase.swift */ = {isa = PBXFileReference; lastKnownFileType = sourcecode.swift; path = LocationUseCase.swift; sourceTree = "<group>"; };
		96D46B5B2BC59B5E0084CC08 /* AlertMessage.swift */ = {isa = PBXFileReference; lastKnownFileType = sourcecode.swift; path = AlertMessage.swift; sourceTree = "<group>"; };
		96D785642BAC1D790037248C /* Udacity_OnTheMap.app */ = {isa = PBXFileReference; explicitFileType = wrapper.application; includeInIndex = 0; path = Udacity_OnTheMap.app; sourceTree = BUILT_PRODUCTS_DIR; };
		96D785692BAC1D790037248C /* LoginView.swift */ = {isa = PBXFileReference; lastKnownFileType = sourcecode.swift; path = LoginView.swift; sourceTree = "<group>"; };
		96D7856B2BAC1D7C0037248C /* Assets.xcassets */ = {isa = PBXFileReference; lastKnownFileType = folder.assetcatalog; path = Assets.xcassets; sourceTree = "<group>"; };
		96D7856E2BAC1D7C0037248C /* Preview Assets.xcassets */ = {isa = PBXFileReference; lastKnownFileType = folder.assetcatalog; path = "Preview Assets.xcassets"; sourceTree = "<group>"; };
		96D785772BAC21B80037248C /* AppDelegate.swift */ = {isa = PBXFileReference; lastKnownFileType = sourcecode.swift; path = AppDelegate.swift; sourceTree = "<group>"; };
		96D785792BAC21CA0037248C /* AppNavigator.swift */ = {isa = PBXFileReference; lastKnownFileType = sourcecode.swift; path = AppNavigator.swift; sourceTree = "<group>"; };
		96D7857B2BAC21F40037248C /* AppViewModel.swift */ = {isa = PBXFileReference; lastKnownFileType = sourcecode.swift; path = AppViewModel.swift; sourceTree = "<group>"; };
		96D7857E2BAC23200037248C /* LoginViewModel.swift */ = {isa = PBXFileReference; lastKnownFileType = sourcecode.swift; path = LoginViewModel.swift; sourceTree = "<group>"; };
		96D785822BAC29660037248C /* HTTPMethod.swift */ = {isa = PBXFileReference; fileEncoding = 4; lastKnownFileType = sourcecode.swift; path = HTTPMethod.swift; sourceTree = "<group>"; };
		96D785832BAC29660037248C /* ServiceBaseRepository.swift */ = {isa = PBXFileReference; fileEncoding = 4; lastKnownFileType = sourcecode.swift; path = ServiceBaseRepository.swift; sourceTree = "<group>"; };
		96D785852BAC29660037248C /* ServiceBaseRequest.swift */ = {isa = PBXFileReference; fileEncoding = 4; lastKnownFileType = sourcecode.swift; path = ServiceBaseRequest.swift; sourceTree = "<group>"; };
		96D785862BAC29660037248C /* HTTPStatusCode.swift */ = {isa = PBXFileReference; fileEncoding = 4; lastKnownFileType = sourcecode.swift; path = HTTPStatusCode.swift; sourceTree = "<group>"; };
		96D785872BAC29660037248C /* URLs.swift */ = {isa = PBXFileReference; fileEncoding = 4; lastKnownFileType = sourcecode.swift; path = URLs.swift; sourceTree = "<group>"; };
		96D785912BAC29660037248C /* APIService.swift */ = {isa = PBXFileReference; fileEncoding = 4; lastKnownFileType = sourcecode.swift; path = APIService.swift; sourceTree = "<group>"; };
		96D785982BAC29660037248C /* DecodingError.swift */ = {isa = PBXFileReference; fileEncoding = 4; lastKnownFileType = sourcecode.swift; path = DecodingError.swift; sourceTree = "<group>"; };
		96D785992BAC29660037248C /* BaseError.swift */ = {isa = PBXFileReference; fileEncoding = 4; lastKnownFileType = sourcecode.swift; path = BaseError.swift; sourceTree = "<group>"; };
		96D785AE2BAC29F60037248C /* CancelBag.swift */ = {isa = PBXFileReference; fileEncoding = 4; lastKnownFileType = sourcecode.swift; path = CancelBag.swift; sourceTree = "<group>"; };
		96D785AF2BAC29F60037248C /* ErrorTracker.swift */ = {isa = PBXFileReference; fileEncoding = 4; lastKnownFileType = sourcecode.swift; path = ErrorTracker.swift; sourceTree = "<group>"; };
		96D785B02BAC29F60037248C /* ViewModel.swift */ = {isa = PBXFileReference; fileEncoding = 4; lastKnownFileType = sourcecode.swift; path = ViewModel.swift; sourceTree = "<group>"; };
		96D785B12BAC29F60037248C /* Driver.swift */ = {isa = PBXFileReference; fileEncoding = 4; lastKnownFileType = sourcecode.swift; path = Driver.swift; sourceTree = "<group>"; };
		96D785B22BAC29F60037248C /* ActivityTracker.swift */ = {isa = PBXFileReference; fileEncoding = 4; lastKnownFileType = sourcecode.swift; path = ActivityTracker.swift; sourceTree = "<group>"; };
		96D785B32BAC29F60037248C /* Observable.swift */ = {isa = PBXFileReference; fileEncoding = 4; lastKnownFileType = sourcecode.swift; path = Observable.swift; sourceTree = "<group>"; };
		96D785BB2BAC2A1E0037248C /* Screen.swift */ = {isa = PBXFileReference; fileEncoding = 4; lastKnownFileType = sourcecode.swift; path = Screen.swift; sourceTree = "<group>"; };
		96D785BD2BAC2A1E0037248C /* DictionaryPrinter.swift */ = {isa = PBXFileReference; fileEncoding = 4; lastKnownFileType = sourcecode.swift; path = DictionaryPrinter.swift; sourceTree = "<group>"; };
		96F2722A2BB1C3E800865316 /* LogoutRequest.swift */ = {isa = PBXFileReference; lastKnownFileType = sourcecode.swift; path = LogoutRequest.swift; sourceTree = "<group>"; };
		96F2722C2BB1C40E00865316 /* LogoutResponse.swift */ = {isa = PBXFileReference; lastKnownFileType = sourcecode.swift; path = LogoutResponse.swift; sourceTree = "<group>"; };
		96F8259E2BD01063001F2459 /* UdacityNavigationHeaderView.swift */ = {isa = PBXFileReference; fileEncoding = 4; lastKnownFileType = sourcecode.swift; path = UdacityNavigationHeaderView.swift; sourceTree = "<group>"; };
		96F8259F2BD01063001F2459 /* UdacityNavigationView.swift */ = {isa = PBXFileReference; fileEncoding = 4; lastKnownFileType = sourcecode.swift; path = UdacityNavigationView.swift; sourceTree = "<group>"; };
		96FFC29A2BD6A93900464D2E /* StudentInfo.swift */ = {isa = PBXFileReference; lastKnownFileType = sourcecode.swift; path = StudentInfo.swift; sourceTree = "<group>"; };
		96FFC29C2BD6ACB100464D2E /* UserInfoRequest.swift */ = {isa = PBXFileReference; lastKnownFileType = sourcecode.swift; path = UserInfoRequest.swift; sourceTree = "<group>"; };
/* End PBXFileReference section */

/* Begin PBXFrameworksBuildPhase section */
		96D785612BAC1D790037248C /* Frameworks */ = {
			isa = PBXFrameworksBuildPhase;
			buildActionMask = 2147483647;
			files = (
			);
			runOnlyForDeploymentPostprocessing = 0;
		};
/* End PBXFrameworksBuildPhase section */

/* Begin PBXGroup section */
		962CBD8D2BD9471200FFC362 /* AddLocation */ = {
			isa = PBXGroup;
			children = (
				962CBD8E2BD9472000FFC362 /* AddLocationView.swift */,
				968A75E32BDA9FF700DD4AF9 /* AddLocationViewModel.swift */,
				968A75E72BDAA04E00DD4AF9 /* AddLocationUseCase.swift */,
				968A75E52BDAA03F00DD4AF9 /* AddLocationNavigator.swift */,
			);
			path = AddLocation;
			sourceTree = "<group>";
		};
		9658513B2BCEA91D005447EF /* TabbarView */ = {
			isa = PBXGroup;
			children = (
				9658513C2BCEA928005447EF /* TabbarView.swift */,
				9609D7F12BD5606F00A7589F /* TabbarNavigator.swift */,
				9609D7EF2BD55FA200A7589F /* TabbarViewModel.swift */,
			);
			path = TabbarView;
			sourceTree = "<group>";
		};
		966100352BB8644E00E1FA53 /* Map */ = {
			isa = PBXGroup;
			children = (
				966100362BB8645C00E1FA53 /* MapViewRepresent.swift */,
				9661003C2BB872B400E1FA53 /* MapTranslator.swift */,
				96C0E6622BCAD20C00B9D175 /* MapView.swift */,
				96C0E6602BCAD05300B9D175 /* MapCoordinator.swift */,
				9661003A2BB8719C00E1FA53 /* LocationViewItem.swift */,
				966100382BB86B9200E1FA53 /* MapViewModel.swift */,
			);
			path = Map;
			sourceTree = "<group>";
		};
		96622E282BAD8E1100686AA5 /* LocationListView */ = {
			isa = PBXGroup;
			children = (
				96CD0D8F2BB309AE00FC1D3C /* LocationListView.swift */,
				96CD0D972BB311FD00FC1D3C /* LocationListViewModel.swift */,
				96CD0D992BB3125E00FC1D3C /* LocationUseCase.swift */,
			);
			path = LocationListView;
			sourceTree = "<group>";
		};
		966CBEFA2BB15BE800D6112F /* Domain */ = {
			isa = PBXGroup;
			children = (
				96FFC29A2BD6A93900464D2E /* StudentInfo.swift */,
			);
			path = Domain;
			sourceTree = "<group>";
		};
		96901D2D2BAD23CF0094CF2D /* CustomView */ = {
			isa = PBXGroup;
			children = (
				96901D2E2BAD23EC0094CF2D /* MemeTextField.swift */,
			);
			path = CustomView;
			sourceTree = "<group>";
		};
		96901D3A2BAD38C50094CF2D /* Model */ = {
			isa = PBXGroup;
			children = (
				966CBEFB2BB15BF300D6112F /* StudentLocation.swift */,
				966CBEF62BB12B5900D6112F /* AccountEntity.swift */,
				966CBEF82BB12B7200D6112F /* SessionEntity.swift */,
			);
			name = Model;
			path = ../Model;
			sourceTree = "<group>";
		};
		96D7855B2BAC1D790037248C = {
			isa = PBXGroup;
			children = (
				96D785662BAC1D790037248C /* Udacity_OnTheMap */,
				96D785652BAC1D790037248C /* Products */,
			);
			sourceTree = "<group>";
		};
		96D785652BAC1D790037248C /* Products */ = {
			isa = PBXGroup;
			children = (
				96D785642BAC1D790037248C /* Udacity_OnTheMap.app */,
			);
			name = Products;
			sourceTree = "<group>";
		};
		96D785662BAC1D790037248C /* Udacity_OnTheMap */ = {
			isa = PBXGroup;
			children = (
				966CBEFA2BB15BE800D6112F /* Domain */,
				96D785BA2BAC2A1E0037248C /* Util */,
				96D785AD2BAC29F60037248C /* Architecture */,
				96D785802BAC29660037248C /* Platform */,
				96D785752BAC21540037248C /* Application */,
				96D7856B2BAC1D7C0037248C /* Assets.xcassets */,
				96D7856D2BAC1D7C0037248C /* Preview Content */,
			);
			path = Udacity_OnTheMap;
			sourceTree = "<group>";
		};
		96D7856D2BAC1D7C0037248C /* Preview Content */ = {
			isa = PBXGroup;
			children = (
				96D7856E2BAC1D7C0037248C /* Preview Assets.xcassets */,
			);
			path = "Preview Content";
			sourceTree = "<group>";
		};
		96D785752BAC21540037248C /* Application */ = {
			isa = PBXGroup;
			children = (
				962CBD8D2BD9471200FFC362 /* AddLocation */,
				96F825A02BD01063001F2459 /* Navigation */,
				9658513B2BCEA91D005447EF /* TabbarView */,
				966100352BB8644E00E1FA53 /* Map */,
				96622E282BAD8E1100686AA5 /* LocationListView */,
				96901D2D2BAD23CF0094CF2D /* CustomView */,
				96D7857D2BAC221F0037248C /* Login */,
				96D785762BAC215E0037248C /* App */,
			);
			path = Application;
			sourceTree = "<group>";
		};
		96D785762BAC215E0037248C /* App */ = {
			isa = PBXGroup;
			children = (
				96D785772BAC21B80037248C /* AppDelegate.swift */,
				96D7857B2BAC21F40037248C /* AppViewModel.swift */,
				96D785792BAC21CA0037248C /* AppNavigator.swift */,
			);
			path = App;
			sourceTree = "<group>";
		};
		96D7857D2BAC221F0037248C /* Login */ = {
			isa = PBXGroup;
			children = (
				96D785692BAC1D790037248C /* LoginView.swift */,
				96901D302BAD305F0094CF2D /* LoginNavigator.swift */,
				96901D322BAD306C0094CF2D /* UserUseCase.swift */,
				9652CDD42BAC851F00D49652 /* PasswordTextField.swift */,
				9652CDD22BAC850200D49652 /* EmailTextField.swift */,
				96D7857E2BAC23200037248C /* LoginViewModel.swift */,
			);
			path = Login;
			sourceTree = "<group>";
		};
		96D785802BAC29660037248C /* Platform */ = {
			isa = PBXGroup;
			children = (
				96901D3A2BAD38C50094CF2D /* Model */,
				96D785812BAC29660037248C /* Middleware */,
				96D785882BAC29660037248C /* Repository */,
				96D7858C2BAC29660037248C /* Response */,
				96D785902BAC29660037248C /* Service */,
				96D785922BAC29660037248C /* Request */,
				96D785972BAC29660037248C /* Error */,
			);
			path = Platform;
			sourceTree = "<group>";
		};
		96D785812BAC29660037248C /* Middleware */ = {
			isa = PBXGroup;
			children = (
				96D785822BAC29660037248C /* HTTPMethod.swift */,
				96D785832BAC29660037248C /* ServiceBaseRepository.swift */,
				96D785852BAC29660037248C /* ServiceBaseRequest.swift */,
				96D785862BAC29660037248C /* HTTPStatusCode.swift */,
				96D785872BAC29660037248C /* URLs.swift */,
			);
			path = Middleware;
			sourceTree = "<group>";
		};
		96D785882BAC29660037248C /* Repository */ = {
			isa = PBXGroup;
			children = (
				96901D362BAD320E0094CF2D /* UserRepository.swift */,
				96CD0D952BB3115400FC1D3C /* LocationRepository.swift */,
			);
			path = Repository;
			sourceTree = "<group>";
		};
		96D7858C2BAC29660037248C /* Response */ = {
			isa = PBXGroup;
			children = (
				96901D382BAD32E30094CF2D /* LoginResponse.swift */,
				96F2722C2BB1C40E00865316 /* LogoutResponse.swift */,
				9649EDBB2BD7F7990019B741 /* UserInfoResponse.swift */,
				96CD0D932BB310B400FC1D3C /* LocationResponse.swift */,
			);
			path = Response;
			sourceTree = "<group>";
		};
		96D785902BAC29660037248C /* Service */ = {
			isa = PBXGroup;
			children = (
				96D785912BAC29660037248C /* APIService.swift */,
			);
			path = Service;
			sourceTree = "<group>";
		};
		96D785922BAC29660037248C /* Request */ = {
			isa = PBXGroup;
			children = (
				96901D342BAD30AB0094CF2D /* LoginRequest.swift */,
				96CD0D912BB3103A00FC1D3C /* LocationRequest.swift */,
				96F2722A2BB1C3E800865316 /* LogoutRequest.swift */,
				96FFC29C2BD6ACB100464D2E /* UserInfoRequest.swift */,
			);
			path = Request;
			sourceTree = "<group>";
		};
		96D785972BAC29660037248C /* Error */ = {
			isa = PBXGroup;
			children = (
				96D785982BAC29660037248C /* DecodingError.swift */,
				96D785992BAC29660037248C /* BaseError.swift */,
			);
			path = Error;
			sourceTree = "<group>";
		};
		96D785AD2BAC29F60037248C /* Architecture */ = {
			isa = PBXGroup;
			children = (
				96D785AE2BAC29F60037248C /* CancelBag.swift */,
				96D785AF2BAC29F60037248C /* ErrorTracker.swift */,
				96D785B02BAC29F60037248C /* ViewModel.swift */,
				96D785B12BAC29F60037248C /* Driver.swift */,
				96D785B22BAC29F60037248C /* ActivityTracker.swift */,
				96D785B32BAC29F60037248C /* Observable.swift */,
			);
			path = Architecture;
			sourceTree = "<group>";
		};
		96D785BA2BAC2A1E0037248C /* Util */ = {
			isa = PBXGroup;
			children = (
				96D785BB2BAC2A1E0037248C /* Screen.swift */,
				962C13FC2BE28CFF00BB659E /* GeocoderManager.swift */,
				96D785BD2BAC2A1E0037248C /* DictionaryPrinter.swift */,
				96D46B5B2BC59B5E0084CC08 /* AlertMessage.swift */,
			);
			path = Util;
			sourceTree = "<group>";
		};
		96F825A02BD01063001F2459 /* Navigation */ = {
			isa = PBXGroup;
			children = (
				96F8259E2BD01063001F2459 /* UdacityNavigationHeaderView.swift */,
				96F8259F2BD01063001F2459 /* UdacityNavigationView.swift */,
			);
			path = Navigation;
			sourceTree = "<group>";
		};
/* End PBXGroup section */

/* Begin PBXNativeTarget section */
		96D785632BAC1D790037248C /* Udacity_OnTheMap */ = {
			isa = PBXNativeTarget;
			buildConfigurationList = 96D785722BAC1D7C0037248C /* Build configuration list for PBXNativeTarget "Udacity_OnTheMap" */;
			buildPhases = (
				96D785602BAC1D790037248C /* Sources */,
				96D785612BAC1D790037248C /* Frameworks */,
				96D785622BAC1D790037248C /* Resources */,
			);
			buildRules = (
			);
			dependencies = (
			);
			name = Udacity_OnTheMap;
			productName = Udacity_OnTheMap;
			productReference = 96D785642BAC1D790037248C /* Udacity_OnTheMap.app */;
			productType = "com.apple.product-type.application";
		};
/* End PBXNativeTarget section */

/* Begin PBXProject section */
		96D7855C2BAC1D790037248C /* Project object */ = {
			isa = PBXProject;
			attributes = {
				BuildIndependentTargetsInParallel = 1;
				LastSwiftUpdateCheck = 1520;
				LastUpgradeCheck = 1520;
				TargetAttributes = {
					96D785632BAC1D790037248C = {
						CreatedOnToolsVersion = 15.2;
					};
				};
			};
			buildConfigurationList = 96D7855F2BAC1D790037248C /* Build configuration list for PBXProject "Udacity_OnTheMap" */;
			compatibilityVersion = "Xcode 14.0";
			developmentRegion = en;
			hasScannedForEncodings = 0;
			knownRegions = (
				en,
				Base,
			);
			mainGroup = 96D7855B2BAC1D790037248C;
			productRefGroup = 96D785652BAC1D790037248C /* Products */;
			projectDirPath = "";
			projectRoot = "";
			targets = (
				96D785632BAC1D790037248C /* Udacity_OnTheMap */,
			);
		};
/* End PBXProject section */

/* Begin PBXResourcesBuildPhase section */
		96D785622BAC1D790037248C /* Resources */ = {
			isa = PBXResourcesBuildPhase;
			buildActionMask = 2147483647;
			files = (
				96D7856F2BAC1D7C0037248C /* Preview Assets.xcassets in Resources */,
				96D7856C2BAC1D7C0037248C /* Assets.xcassets in Resources */,
			);
			runOnlyForDeploymentPostprocessing = 0;
		};
/* End PBXResourcesBuildPhase section */

/* Begin PBXSourcesBuildPhase section */
		96D785602BAC1D790037248C /* Sources */ = {
			isa = PBXSourcesBuildPhase;
			buildActionMask = 2147483647;
			files = (
				96901D352BAD30AB0094CF2D /* LoginRequest.swift in Sources */,
				96CD0D942BB310B400FC1D3C /* LocationResponse.swift in Sources */,
				96D785B92BAC29F60037248C /* Observable.swift in Sources */,
				96D7859E2BAC29660037248C /* HTTPStatusCode.swift in Sources */,
				9609D7F02BD55FA200A7589F /* TabbarViewModel.swift in Sources */,
				9652CDD32BAC850200D49652 /* EmailTextField.swift in Sources */,
				96CD0D982BB311FD00FC1D3C /* LocationListViewModel.swift in Sources */,
				96F825A12BD01063001F2459 /* UdacityNavigationHeaderView.swift in Sources */,
				96F2722D2BB1C40E00865316 /* LogoutResponse.swift in Sources */,
				96D7857C2BAC21F40037248C /* AppViewModel.swift in Sources */,
				96D785782BAC21B80037248C /* AppDelegate.swift in Sources */,
				96D46B5C2BC59B5E0084CC08 /* AlertMessage.swift in Sources */,
				968A75E42BDA9FF700DD4AF9 /* AddLocationViewModel.swift in Sources */,
				96FFC29D2BD6ACB100464D2E /* UserInfoRequest.swift in Sources */,
				96901D312BAD305F0094CF2D /* LoginNavigator.swift in Sources */,
				9658513D2BCEA928005447EF /* TabbarView.swift in Sources */,
				96CD0D962BB3115400FC1D3C /* LocationRepository.swift in Sources */,
				96901D392BAD32E30094CF2D /* LoginResponse.swift in Sources */,
				96D785AC2BAC29660037248C /* BaseError.swift in Sources */,
				96C0E6612BCAD05300B9D175 /* MapCoordinator.swift in Sources */,
				96D785B52BAC29F60037248C /* ErrorTracker.swift in Sources */,
				9661003B2BB8719C00E1FA53 /* LocationViewItem.swift in Sources */,
				968A75E82BDAA04E00DD4AF9 /* AddLocationUseCase.swift in Sources */,
				96D785B82BAC29F60037248C /* ActivityTracker.swift in Sources */,
				96D7859F2BAC29660037248C /* URLs.swift in Sources */,
				96CD0D9A2BB3125E00FC1D3C /* LocationUseCase.swift in Sources */,
				9649EDBC2BD7F7990019B741 /* UserInfoResponse.swift in Sources */,
				966CBEFC2BB15BF300D6112F /* StudentLocation.swift in Sources */,
				9652CDD52BAC851F00D49652 /* PasswordTextField.swift in Sources */,
				96901D332BAD306C0094CF2D /* UserUseCase.swift in Sources */,
				96D785B62BAC29F60037248C /* ViewModel.swift in Sources */,
				966CBEF92BB12B7200D6112F /* SessionEntity.swift in Sources */,
				96901D2F2BAD23EC0094CF2D /* MemeTextField.swift in Sources */,
				96FFC29B2BD6A93900464D2E /* StudentInfo.swift in Sources */,
				966100372BB8645C00E1FA53 /* MapViewRepresent.swift in Sources */,
				966100392BB86B9200E1FA53 /* MapViewModel.swift in Sources */,
				96D785C02BAC2A1E0037248C /* DictionaryPrinter.swift in Sources */,
				96F825A22BD01063001F2459 /* UdacityNavigationView.swift in Sources */,
				96D7859A2BAC29660037248C /* HTTPMethod.swift in Sources */,
				96901D372BAD320E0094CF2D /* UserRepository.swift in Sources */,
				9661003D2BB872B400E1FA53 /* MapTranslator.swift in Sources */,
				96CD0D922BB3103A00FC1D3C /* LocationRequest.swift in Sources */,
				96CD0D902BB309AE00FC1D3C /* LocationListView.swift in Sources */,
				96D7859B2BAC29660037248C /* ServiceBaseRepository.swift in Sources */,
				9609D7F22BD5606F00A7589F /* TabbarNavigator.swift in Sources */,
				96C0E6632BCAD20C00B9D175 /* MapView.swift in Sources */,
				96D7857A2BAC21CA0037248C /* AppNavigator.swift in Sources */,
				962C13FD2BE28CFF00BB659E /* GeocoderManager.swift in Sources */,
				96D785B72BAC29F60037248C /* Driver.swift in Sources */,
				966CBEF72BB12B5900D6112F /* AccountEntity.swift in Sources */,
				96D7857F2BAC23200037248C /* LoginViewModel.swift in Sources */,
				96D7856A2BAC1D790037248C /* LoginView.swift in Sources */,
				96D785BE2BAC2A1E0037248C /* Screen.swift in Sources */,
				96D785A62BAC29660037248C /* APIService.swift in Sources */,
				96D785AB2BAC29660037248C /* DecodingError.swift in Sources */,
				96D785B42BAC29F60037248C /* CancelBag.swift in Sources */,
				962CBD8F2BD9472000FFC362 /* AddLocationView.swift in Sources */,
				968A75E62BDAA03F00DD4AF9 /* AddLocationNavigator.swift in Sources */,
				96D7859D2BAC29660037248C /* ServiceBaseRequest.swift in Sources */,
				96F2722B2BB1C3E800865316 /* LogoutRequest.swift in Sources */,
			);
			runOnlyForDeploymentPostprocessing = 0;
		};
/* End PBXSourcesBuildPhase section */

/* Begin XCBuildConfiguration section */
		96D785702BAC1D7C0037248C /* Debug */ = {
			isa = XCBuildConfiguration;
			buildSettings = {
				ALWAYS_SEARCH_USER_PATHS = NO;
				ASSETCATALOG_COMPILER_GENERATE_SWIFT_ASSET_SYMBOL_EXTENSIONS = YES;
				CLANG_ANALYZER_NONNULL = YES;
				CLANG_ANALYZER_NUMBER_OBJECT_CONVERSION = YES_AGGRESSIVE;
				CLANG_CXX_LANGUAGE_STANDARD = "gnu++20";
				CLANG_ENABLE_MODULES = YES;
				CLANG_ENABLE_OBJC_ARC = YES;
				CLANG_ENABLE_OBJC_WEAK = YES;
				CLANG_WARN_BLOCK_CAPTURE_AUTORELEASING = YES;
				CLANG_WARN_BOOL_CONVERSION = YES;
				CLANG_WARN_COMMA = YES;
				CLANG_WARN_CONSTANT_CONVERSION = YES;
				CLANG_WARN_DEPRECATED_OBJC_IMPLEMENTATIONS = YES;
				CLANG_WARN_DIRECT_OBJC_ISA_USAGE = YES_ERROR;
				CLANG_WARN_DOCUMENTATION_COMMENTS = YES;
				CLANG_WARN_EMPTY_BODY = YES;
				CLANG_WARN_ENUM_CONVERSION = YES;
				CLANG_WARN_INFINITE_RECURSION = YES;
				CLANG_WARN_INT_CONVERSION = YES;
				CLANG_WARN_NON_LITERAL_NULL_CONVERSION = YES;
				CLANG_WARN_OBJC_IMPLICIT_RETAIN_SELF = YES;
				CLANG_WARN_OBJC_LITERAL_CONVERSION = YES;
				CLANG_WARN_OBJC_ROOT_CLASS = YES_ERROR;
				CLANG_WARN_QUOTED_INCLUDE_IN_FRAMEWORK_HEADER = YES;
				CLANG_WARN_RANGE_LOOP_ANALYSIS = YES;
				CLANG_WARN_STRICT_PROTOTYPES = YES;
				CLANG_WARN_SUSPICIOUS_MOVE = YES;
				CLANG_WARN_UNGUARDED_AVAILABILITY = YES_AGGRESSIVE;
				CLANG_WARN_UNREACHABLE_CODE = YES;
				CLANG_WARN__DUPLICATE_METHOD_MATCH = YES;
				COPY_PHASE_STRIP = NO;
				DEBUG_INFORMATION_FORMAT = dwarf;
				ENABLE_STRICT_OBJC_MSGSEND = YES;
				ENABLE_TESTABILITY = YES;
				ENABLE_USER_SCRIPT_SANDBOXING = YES;
				GCC_C_LANGUAGE_STANDARD = gnu17;
				GCC_DYNAMIC_NO_PIC = NO;
				GCC_NO_COMMON_BLOCKS = YES;
				GCC_OPTIMIZATION_LEVEL = 0;
				GCC_PREPROCESSOR_DEFINITIONS = (
					"DEBUG=1",
					"$(inherited)",
				);
				GCC_WARN_64_TO_32_BIT_CONVERSION = YES;
				GCC_WARN_ABOUT_RETURN_TYPE = YES_ERROR;
				GCC_WARN_UNDECLARED_SELECTOR = YES;
				GCC_WARN_UNINITIALIZED_AUTOS = YES_AGGRESSIVE;
				GCC_WARN_UNUSED_FUNCTION = YES;
				GCC_WARN_UNUSED_VARIABLE = YES;
				IPHONEOS_DEPLOYMENT_TARGET = 16.0;
				LOCALIZATION_PREFERS_STRING_CATALOGS = YES;
				MTL_ENABLE_DEBUG_INFO = INCLUDE_SOURCE;
				MTL_FAST_MATH = YES;
				ONLY_ACTIVE_ARCH = YES;
				SDKROOT = iphoneos;
				SWIFT_ACTIVE_COMPILATION_CONDITIONS = "DEBUG $(inherited)";
				SWIFT_OPTIMIZATION_LEVEL = "-Onone";
			};
			name = Debug;
		};
		96D785712BAC1D7C0037248C /* Release */ = {
			isa = XCBuildConfiguration;
			buildSettings = {
				ALWAYS_SEARCH_USER_PATHS = NO;
				ASSETCATALOG_COMPILER_GENERATE_SWIFT_ASSET_SYMBOL_EXTENSIONS = YES;
				CLANG_ANALYZER_NONNULL = YES;
				CLANG_ANALYZER_NUMBER_OBJECT_CONVERSION = YES_AGGRESSIVE;
				CLANG_CXX_LANGUAGE_STANDARD = "gnu++20";
				CLANG_ENABLE_MODULES = YES;
				CLANG_ENABLE_OBJC_ARC = YES;
				CLANG_ENABLE_OBJC_WEAK = YES;
				CLANG_WARN_BLOCK_CAPTURE_AUTORELEASING = YES;
				CLANG_WARN_BOOL_CONVERSION = YES;
				CLANG_WARN_COMMA = YES;
				CLANG_WARN_CONSTANT_CONVERSION = YES;
				CLANG_WARN_DEPRECATED_OBJC_IMPLEMENTATIONS = YES;
				CLANG_WARN_DIRECT_OBJC_ISA_USAGE = YES_ERROR;
				CLANG_WARN_DOCUMENTATION_COMMENTS = YES;
				CLANG_WARN_EMPTY_BODY = YES;
				CLANG_WARN_ENUM_CONVERSION = YES;
				CLANG_WARN_INFINITE_RECURSION = YES;
				CLANG_WARN_INT_CONVERSION = YES;
				CLANG_WARN_NON_LITERAL_NULL_CONVERSION = YES;
				CLANG_WARN_OBJC_IMPLICIT_RETAIN_SELF = YES;
				CLANG_WARN_OBJC_LITERAL_CONVERSION = YES;
				CLANG_WARN_OBJC_ROOT_CLASS = YES_ERROR;
				CLANG_WARN_QUOTED_INCLUDE_IN_FRAMEWORK_HEADER = YES;
				CLANG_WARN_RANGE_LOOP_ANALYSIS = YES;
				CLANG_WARN_STRICT_PROTOTYPES = YES;
				CLANG_WARN_SUSPICIOUS_MOVE = YES;
				CLANG_WARN_UNGUARDED_AVAILABILITY = YES_AGGRESSIVE;
				CLANG_WARN_UNREACHABLE_CODE = YES;
				CLANG_WARN__DUPLICATE_METHOD_MATCH = YES;
				COPY_PHASE_STRIP = NO;
				DEBUG_INFORMATION_FORMAT = "dwarf-with-dsym";
				ENABLE_NS_ASSERTIONS = NO;
				ENABLE_STRICT_OBJC_MSGSEND = YES;
				ENABLE_USER_SCRIPT_SANDBOXING = YES;
				GCC_C_LANGUAGE_STANDARD = gnu17;
				GCC_NO_COMMON_BLOCKS = YES;
				GCC_WARN_64_TO_32_BIT_CONVERSION = YES;
				GCC_WARN_ABOUT_RETURN_TYPE = YES_ERROR;
				GCC_WARN_UNDECLARED_SELECTOR = YES;
				GCC_WARN_UNINITIALIZED_AUTOS = YES_AGGRESSIVE;
				GCC_WARN_UNUSED_FUNCTION = YES;
				GCC_WARN_UNUSED_VARIABLE = YES;
				IPHONEOS_DEPLOYMENT_TARGET = 16.0;
				LOCALIZATION_PREFERS_STRING_CATALOGS = YES;
				MTL_ENABLE_DEBUG_INFO = NO;
				MTL_FAST_MATH = YES;
				SDKROOT = iphoneos;
				SWIFT_COMPILATION_MODE = wholemodule;
				VALIDATE_PRODUCT = YES;
			};
			name = Release;
		};
		96D785732BAC1D7C0037248C /* Debug */ = {
			isa = XCBuildConfiguration;
			buildSettings = {
				ASSETCATALOG_COMPILER_APPICON_NAME = AppIcon;
				ASSETCATALOG_COMPILER_GLOBAL_ACCENT_COLOR_NAME = AccentColor;
				CODE_SIGN_STYLE = Automatic;
				CURRENT_PROJECT_VERSION = 1;
				DEVELOPMENT_ASSET_PATHS = "\"Udacity_OnTheMap/Preview Content\"";
				DEVELOPMENT_TEAM = GCAT449K7M;
				ENABLE_PREVIEWS = YES;
				GENERATE_INFOPLIST_FILE = YES;
				INFOPLIST_KEY_UIApplicationSupportsIndirectInputEvents = YES;
				INFOPLIST_KEY_UILaunchScreen_Generation = YES;
				INFOPLIST_KEY_UISupportedInterfaceOrientations_iPad = "UIInterfaceOrientationPortrait UIInterfaceOrientationPortraitUpsideDown UIInterfaceOrientationLandscapeLeft UIInterfaceOrientationLandscapeRight";
				INFOPLIST_KEY_UISupportedInterfaceOrientations_iPhone = "UIInterfaceOrientationPortrait UIInterfaceOrientationLandscapeLeft UIInterfaceOrientationLandscapeRight";
				IPHONEOS_DEPLOYMENT_TARGET = 15.6;
				LD_RUNPATH_SEARCH_PATHS = (
					"$(inherited)",
					"@executable_path/Frameworks",
				);
				MARKETING_VERSION = 1.0;
				PRODUCT_BUNDLE_IDENTIFIER = "cuong.ios.Udacity-OnTheMap";
				PRODUCT_NAME = "$(TARGET_NAME)";
				SUPPORTED_PLATFORMS = "iphoneos iphonesimulator";
				SUPPORTS_MACCATALYST = NO;
				SUPPORTS_MAC_DESIGNED_FOR_IPHONE_IPAD = NO;
				SUPPORTS_XR_DESIGNED_FOR_IPHONE_IPAD = NO;
				SWIFT_EMIT_LOC_STRINGS = YES;
				SWIFT_VERSION = 5.0;
				TARGETED_DEVICE_FAMILY = 1;
			};
			name = Debug;
		};
		96D785742BAC1D7C0037248C /* Release */ = {
			isa = XCBuildConfiguration;
			buildSettings = {
				ASSETCATALOG_COMPILER_APPICON_NAME = AppIcon;
				ASSETCATALOG_COMPILER_GLOBAL_ACCENT_COLOR_NAME = AccentColor;
				CODE_SIGN_STYLE = Automatic;
				CURRENT_PROJECT_VERSION = 1;
				DEVELOPMENT_ASSET_PATHS = "\"Udacity_OnTheMap/Preview Content\"";
				DEVELOPMENT_TEAM = GCAT449K7M;
				ENABLE_PREVIEWS = YES;
				GENERATE_INFOPLIST_FILE = YES;
				INFOPLIST_KEY_UIApplicationSupportsIndirectInputEvents = YES;
				INFOPLIST_KEY_UILaunchScreen_Generation = YES;
				INFOPLIST_KEY_UISupportedInterfaceOrientations_iPad = "UIInterfaceOrientationPortrait UIInterfaceOrientationPortraitUpsideDown UIInterfaceOrientationLandscapeLeft UIInterfaceOrientationLandscapeRight";
				INFOPLIST_KEY_UISupportedInterfaceOrientations_iPhone = "UIInterfaceOrientationPortrait UIInterfaceOrientationLandscapeLeft UIInterfaceOrientationLandscapeRight";
				IPHONEOS_DEPLOYMENT_TARGET = 15.6;
				LD_RUNPATH_SEARCH_PATHS = (
					"$(inherited)",
					"@executable_path/Frameworks",
				);
				MARKETING_VERSION = 1.0;
				PRODUCT_BUNDLE_IDENTIFIER = "cuong.ios.Udacity-OnTheMap";
				PRODUCT_NAME = "$(TARGET_NAME)";
				SUPPORTED_PLATFORMS = "iphoneos iphonesimulator";
				SUPPORTS_MACCATALYST = NO;
				SUPPORTS_MAC_DESIGNED_FOR_IPHONE_IPAD = NO;
				SUPPORTS_XR_DESIGNED_FOR_IPHONE_IPAD = NO;
				SWIFT_EMIT_LOC_STRINGS = YES;
				SWIFT_VERSION = 5.0;
				TARGETED_DEVICE_FAMILY = 1;
			};
			name = Release;
		};
/* End XCBuildConfiguration section */

/* Begin XCConfigurationList section */
		96D7855F2BAC1D790037248C /* Build configuration list for PBXProject "Udacity_OnTheMap" */ = {
			isa = XCConfigurationList;
			buildConfigurations = (
				96D785702BAC1D7C0037248C /* Debug */,
				96D785712BAC1D7C0037248C /* Release */,
			);
			defaultConfigurationIsVisible = 0;
			defaultConfigurationName = Release;
		};
		96D785722BAC1D7C0037248C /* Build configuration list for PBXNativeTarget "Udacity_OnTheMap" */ = {
			isa = XCConfigurationList;
			buildConfigurations = (
				96D785732BAC1D7C0037248C /* Debug */,
				96D785742BAC1D7C0037248C /* Release */,
			);
			defaultConfigurationIsVisible = 0;
			defaultConfigurationName = Release;
		};
/* End XCConfigurationList section */
	};
	rootObject = 96D7855C2BAC1D790037248C /* Project object */;
}
